
Microsoft Visual Studio Solution File, Format Version 12.00
# Visual Studio Version 17
VisualStudioVersion = 17.8.34330.188
MinimumVisualStudioVersion = 10.0.40219.1
Project("{9A19103F-16F7-4668-BE54-9A1E7A4F7556}") = "Calculator", "Calculator.csproj", "{7769FF8E-49EF-4AC9-9DBC-CEBB9C70F084}"
EndProject
Global
	GlobalSection(SolutionConfigurationPlatforms) = preSolution
		Debug|Any CPU = Debug|Any CPU
		Release|Any CPU = Release|Any CPU
	EndGlobalSection
	GlobalSection(ProjectConfigurationPlatforms) = postSolution
		{7769FF8E-49EF-4AC9-9DBC-CEBB9C70F084}.Debug|Any CPU.ActiveCfg = Debug|Any CPU
		{7769FF8E-49EF-4AC9-9DBC-CEBB9C70F084}.Debug|Any CPU.Build.0 = Debug|Any CPU
		{7769FF8E-49EF-4AC9-9DBC-CEBB9C70F084}.Release|Any CPU.ActiveCfg = Release|Any CPU
		{7769FF8E-49EF-4AC9-9DBC-CEBB9C70F084}.Release|Any CPU.Build.0 = Release|Any CPU
	EndGlobalSection
	GlobalSection(SolutionProperties) = preSolution
		HideSolutionNode = FALSE
	EndGlobalSection
	GlobalSection(ExtensibilityGlobals) = postSolution
		SolutionGuid = {5D176A51-3E1C-4F04-B84A-941B7F9A78E5}
	EndGlobalSection
EndGlobal
